
Microsoft Visual Studio Solution File, Format Version 12.00
# Visual Studio Version 17
VisualStudioVersion = 17.11.35312.102
MinimumVisualStudioVersion = 10.0.40219.1
Project("{FAE04EC0-301F-11D3-BF4B-00C04F79EFBC}") = "ilkproje", "ilkproje\ilkproje.csproj", "{F1003CBA-B636-455A-97BD-66046A800D17}"
EndProject
Global
	GlobalSection(SolutionConfigurationPlatforms) = preSolution
		Debug|Any CPU = Debug|Any CPU
		Release|Any CPU = Release|Any CPU
	EndGlobalSection
	GlobalSection(ProjectConfigurationPlatforms) = postSolution
		{F1003CBA-B636-455A-97BD-66046A800D17}.Debug|Any CPU.ActiveCfg = Debug|Any CPU
		{F1003CBA-B636-455A-97BD-66046A800D17}.Debug|Any CPU.Build.0 = Debug|Any CPU
		{F1003CBA-B636-455A-97BD-66046A800D17}.Release|Any CPU.ActiveCfg = Release|Any CPU
		{F1003CBA-B636-455A-97BD-66046A800D17}.Release|Any CPU.Build.0 = Release|Any CPU
	EndGlobalSection
	GlobalSection(SolutionProperties) = preSolution
		HideSolutionNode = FALSE
	EndGlobalSection
	GlobalSection(ExtensibilityGlobals) = postSolution
		SolutionGuid = {ECA32C66-9594-4278-8FA6-EF5663C30F3C}
	EndGlobalSection
EndGlobal
